
Microsoft Visual Studio Solution File, Format Version 12.00
# Visual Studio 15
Project("{FAE04EC0-301F-11D3-BF4B-00C04F79EFBC}") = "Assembly-CSharp", "Assembly-CSharp.csproj", "{61D7BA65-3AF8-D714-EFFC-FA719AF3D85E}"
EndProject
Project("{FAE04EC0-301F-11D3-BF4B-00C04F79EFBC}") = "Assembly-CSharp-Editor", "Assembly-CSharp-Editor.csproj", "{388ED392-7EB1-411D-3099-879AF7F49BE7}"
EndProject
Global
	GlobalSection(SolutionConfigurationPlatforms) = preSolution
		Debug|Any CPU = Debug|Any CPU
		Release|Any CPU = Release|Any CPU
	EndGlobalSection
	GlobalSection(ProjectConfigurationPlatforms) = postSolution
		{61D7BA65-3AF8-D714-EFFC-FA719AF3D85E}.Debug|Any CPU.ActiveCfg = Debug|Any CPU
		{61D7BA65-3AF8-D714-EFFC-FA719AF3D85E}.Debug|Any CPU.Build.0 = Debug|Any CPU
		{61D7BA65-3AF8-D714-EFFC-FA719AF3D85E}.Release|Any CPU.ActiveCfg = Release|Any CPU
		{61D7BA65-3AF8-D714-EFFC-FA719AF3D85E}.Release|Any CPU.Build.0 = Release|Any CPU
		{388ED392-7EB1-411D-3099-879AF7F49BE7}.Debug|Any CPU.ActiveCfg = Debug|Any CPU
		{388ED392-7EB1-411D-3099-879AF7F49BE7}.Debug|Any CPU.Build.0 = Debug|Any CPU
		{388ED392-7EB1-411D-3099-879AF7F49BE7}.Release|Any CPU.ActiveCfg = Release|Any CPU
		{388ED392-7EB1-411D-3099-879AF7F49BE7}.Release|Any CPU.Build.0 = Release|Any CPU
	EndGlobalSection
	GlobalSection(SolutionProperties) = preSolution
		HideSolutionNode = FALSE
	EndGlobalSection
	GlobalSection(MonoDevelopProperties) = preSolution
		StartupItem = Assembly-CSharp.csproj
	EndGlobalSection
EndGlobal
